
Microsoft Visual Studio Solution File, Format Version 12.00
# Visual Studio Version 17
VisualStudioVersion = 17.7.34031.279
MinimumVisualStudioVersion = 10.0.40219.1
Project("{FAE04EC0-301F-11D3-BF4B-00C04F79EFBC}") = "PSSchemeUpdated", "PSSchemeUpdated.csproj", "{F5B2EC9D-29FC-4AE8-9A2F-627EF69C5807}"
EndProject
Global
	GlobalSection(SolutionConfigurationPlatforms) = preSolution
		Debug|Any CPU = Debug|Any CPU
		Release|Any CPU = Release|Any CPU
	EndGlobalSection
	GlobalSection(ProjectConfigurationPlatforms) = postSolution
		{F5B2EC9D-29FC-4AE8-9A2F-627EF69C5807}.Debug|Any CPU.ActiveCfg = Debug|Any CPU
		{F5B2EC9D-29FC-4AE8-9A2F-627EF69C5807}.Debug|Any CPU.Build.0 = Debug|Any CPU
		{F5B2EC9D-29FC-4AE8-9A2F-627EF69C5807}.Release|Any CPU.ActiveCfg = Release|Any CPU
		{F5B2EC9D-29FC-4AE8-9A2F-627EF69C5807}.Release|Any CPU.Build.0 = Release|Any CPU
	EndGlobalSection
	GlobalSection(SolutionProperties) = preSolution
		HideSolutionNode = FALSE
	EndGlobalSection
	GlobalSection(ExtensibilityGlobals) = postSolution
		SolutionGuid = {F75E476E-FD37-4099-A73E-DAE62175076C}
	EndGlobalSection
EndGlobal
